
Microsoft Visual Studio Solution File, Format Version 12.00
# Visual Studio 2013
VisualStudioVersion = 12.0.31101.0
MinimumVisualStudioVersion = 10.0.40219.1
Project("{FAE04EC0-301F-11D3-BF4B-00C04F79EFBC}") = "TS.API", "TS.API\TS.API.csproj", "{C1F3363F-3B9E-43BB-9BB9-3DE6B3321EBD}"
EndProject
Project("{2150E333-8FDC-42A3-9474-1A3956D46DE8}") = ".nuget", ".nuget", "{C4D8AEE6-5271-4D4E-BFC1-59303C9A13CA}"
	ProjectSection(SolutionItems) = preProject
		.nuget\NuGet.Config = .nuget\NuGet.Config
		.nuget\NuGet.exe = .nuget\NuGet.exe
		.nuget\NuGet.targets = .nuget\NuGet.targets
	EndProjectSection
EndProject
Project("{00D1A9C2-B5F0-4AF3-8072-F6C62B433612}") = "Hangfire", "Hangfire\Hangfire.sqlproj", "{35F5AF35-31B8-4726-AFD9-C94BDD7268C8}"
EndProject
Global
	GlobalSection(SolutionConfigurationPlatforms) = preSolution
		Debug|Any CPU = Debug|Any CPU
		Release|Any CPU = Release|Any CPU
	EndGlobalSection
	GlobalSection(ProjectConfigurationPlatforms) = postSolution
		{C1F3363F-3B9E-43BB-9BB9-3DE6B3321EBD}.Debug|Any CPU.ActiveCfg = Debug|Any CPU
		{C1F3363F-3B9E-43BB-9BB9-3DE6B3321EBD}.Debug|Any CPU.Build.0 = Debug|Any CPU
		{C1F3363F-3B9E-43BB-9BB9-3DE6B3321EBD}.Release|Any CPU.ActiveCfg = Release|Any CPU
		{C1F3363F-3B9E-43BB-9BB9-3DE6B3321EBD}.Release|Any CPU.Build.0 = Release|Any CPU
		{35F5AF35-31B8-4726-AFD9-C94BDD7268C8}.Debug|Any CPU.ActiveCfg = Debug|Any CPU
		{35F5AF35-31B8-4726-AFD9-C94BDD7268C8}.Debug|Any CPU.Build.0 = Debug|Any CPU
		{35F5AF35-31B8-4726-AFD9-C94BDD7268C8}.Debug|Any CPU.Deploy.0 = Debug|Any CPU
		{35F5AF35-31B8-4726-AFD9-C94BDD7268C8}.Release|Any CPU.ActiveCfg = Release|Any CPU
		{35F5AF35-31B8-4726-AFD9-C94BDD7268C8}.Release|Any CPU.Build.0 = Release|Any CPU
		{35F5AF35-31B8-4726-AFD9-C94BDD7268C8}.Release|Any CPU.Deploy.0 = Release|Any CPU
	EndGlobalSection
	GlobalSection(SolutionProperties) = preSolution
		HideSolutionNode = FALSE
	EndGlobalSection
EndGlobal
